
Microsoft Visual Studio Solution File, Format Version 12.00
# Visual Studio Version 17
VisualStudioVersion = 17.3.32825.248
MinimumVisualStudioVersion = 10.0.40219.1
Project("{FAE04EC0-301F-11D3-BF4B-00C04F79EFBC}") = "Maze", "Maze\Maze.csproj", "{0C276104-1D03-419C-A6D4-B4B744ED4EEB}"
EndProject
Global
	GlobalSection(SolutionConfigurationPlatforms) = preSolution
		Debug|Any CPU = Debug|Any CPU
		Release|Any CPU = Release|Any CPU
	EndGlobalSection
	GlobalSection(ProjectConfigurationPlatforms) = postSolution
		{0C276104-1D03-419C-A6D4-B4B744ED4EEB}.Debug|Any CPU.ActiveCfg = Debug|Any CPU
		{0C276104-1D03-419C-A6D4-B4B744ED4EEB}.Debug|Any CPU.Build.0 = Debug|Any CPU
		{0C276104-1D03-419C-A6D4-B4B744ED4EEB}.Release|Any CPU.ActiveCfg = Release|Any CPU
		{0C276104-1D03-419C-A6D4-B4B744ED4EEB}.Release|Any CPU.Build.0 = Release|Any CPU
	EndGlobalSection
	GlobalSection(SolutionProperties) = preSolution
		HideSolutionNode = FALSE
	EndGlobalSection
	GlobalSection(ExtensibilityGlobals) = postSolution
		SolutionGuid = {1B1FF310-BF3C-431B-A149-DB7973DF4472}
	EndGlobalSection
EndGlobal
